
Microsoft Visual Studio Solution File, Format Version 12.00
# Visual Studio Version 17
VisualStudioVersion = 17.11.35312.102
MinimumVisualStudioVersion = 10.0.40219.1
Project("{9A19103F-16F7-4668-BE54-9A1E7A4F7556}") = "OdontoPrev.Domain", "Domain\OdontoPrev.Domain.csproj", "{8697A18D-4FA4-4AD9-ABD8-46C48A7FAF1B}"
EndProject
Project("{9A19103F-16F7-4668-BE54-9A1E7A4F7556}") = "OdontoPrev.Application", "OdontoPrev.Application\OdontoPrev.Application.csproj", "{5CDBD6D8-EC1F-4DD6-8F79-3CBDAA91318F}"
EndProject
Project("{9A19103F-16F7-4668-BE54-9A1E7A4F7556}") = "OdontoPrev.Infrastructure", "OdontoPrev.Infrastructure\OdontoPrev.Infrastructure.csproj", "{11F34F9E-11A7-4506-87F3-0F9D6708418D}"
EndProject
Project("{FAE04EC0-301F-11D3-BF4B-00C04F79EFBC}") = "OdontoPrev.API", "OdontoPrev.API\OdontoPrev.API.csproj", "{86CDD001-65DD-422F-B6F5-7F074ACC2FBF}"
EndProject
Global
	GlobalSection(SolutionConfigurationPlatforms) = preSolution
		Debug|Any CPU = Debug|Any CPU
		Release|Any CPU = Release|Any CPU
	EndGlobalSection
	GlobalSection(ProjectConfigurationPlatforms) = postSolution
		{8697A18D-4FA4-4AD9-ABD8-46C48A7FAF1B}.Debug|Any CPU.ActiveCfg = Debug|Any CPU
		{8697A18D-4FA4-4AD9-ABD8-46C48A7FAF1B}.Debug|Any CPU.Build.0 = Debug|Any CPU
		{8697A18D-4FA4-4AD9-ABD8-46C48A7FAF1B}.Release|Any CPU.ActiveCfg = Release|Any CPU
		{8697A18D-4FA4-4AD9-ABD8-46C48A7FAF1B}.Release|Any CPU.Build.0 = Release|Any CPU
		{5CDBD6D8-EC1F-4DD6-8F79-3CBDAA91318F}.Debug|Any CPU.ActiveCfg = Debug|Any CPU
		{5CDBD6D8-EC1F-4DD6-8F79-3CBDAA91318F}.Debug|Any CPU.Build.0 = Debug|Any CPU
		{5CDBD6D8-EC1F-4DD6-8F79-3CBDAA91318F}.Release|Any CPU.ActiveCfg = Release|Any CPU
		{5CDBD6D8-EC1F-4DD6-8F79-3CBDAA91318F}.Release|Any CPU.Build.0 = Release|Any CPU
		{11F34F9E-11A7-4506-87F3-0F9D6708418D}.Debug|Any CPU.ActiveCfg = Debug|Any CPU
		{11F34F9E-11A7-4506-87F3-0F9D6708418D}.Debug|Any CPU.Build.0 = Debug|Any CPU
		{11F34F9E-11A7-4506-87F3-0F9D6708418D}.Release|Any CPU.ActiveCfg = Release|Any CPU
		{11F34F9E-11A7-4506-87F3-0F9D6708418D}.Release|Any CPU.Build.0 = Release|Any CPU
		{86CDD001-65DD-422F-B6F5-7F074ACC2FBF}.Debug|Any CPU.ActiveCfg = Debug|Any CPU
		{86CDD001-65DD-422F-B6F5-7F074ACC2FBF}.Debug|Any CPU.Build.0 = Debug|Any CPU
		{86CDD001-65DD-422F-B6F5-7F074ACC2FBF}.Release|Any CPU.ActiveCfg = Release|Any CPU
		{86CDD001-65DD-422F-B6F5-7F074ACC2FBF}.Release|Any CPU.Build.0 = Release|Any CPU
	EndGlobalSection
	GlobalSection(SolutionProperties) = preSolution
		HideSolutionNode = FALSE
	EndGlobalSection
	GlobalSection(ExtensibilityGlobals) = postSolution
		SolutionGuid = {AC967B18-BA60-4CF9-A691-E77BCECA85D9}
	EndGlobalSection
EndGlobal
